
Microsoft Visual Studio Solution File, Format Version 12.00
# Visual Studio Version 17
VisualStudioVersion = 17.0.31912.275
MinimumVisualStudioVersion = 10.0.40219.1
Project("{FAE04EC0-301F-11D3-BF4B-00C04F79EFBC}") = "DependencyInjectionProyect", "DependencyInjectionProyect\DependencyInjectionProyect.csproj", "{7E394394-3B25-4C51-A91D-8D6CE028157F}"
EndProject
Global
	GlobalSection(SolutionConfigurationPlatforms) = preSolution
		Debug|Any CPU = Debug|Any CPU
		Release|Any CPU = Release|Any CPU
	EndGlobalSection
	GlobalSection(ProjectConfigurationPlatforms) = postSolution
		{7E394394-3B25-4C51-A91D-8D6CE028157F}.Debug|Any CPU.ActiveCfg = Debug|Any CPU
		{7E394394-3B25-4C51-A91D-8D6CE028157F}.Debug|Any CPU.Build.0 = Debug|Any CPU
		{7E394394-3B25-4C51-A91D-8D6CE028157F}.Release|Any CPU.ActiveCfg = Release|Any CPU
		{7E394394-3B25-4C51-A91D-8D6CE028157F}.Release|Any CPU.Build.0 = Release|Any CPU
	EndGlobalSection
	GlobalSection(SolutionProperties) = preSolution
		HideSolutionNode = FALSE
	EndGlobalSection
	GlobalSection(ExtensibilityGlobals) = postSolution
		SolutionGuid = {3EF010A5-CB50-4316-A1C8-52218BFF533F}
	EndGlobalSection
EndGlobal
